
Microsoft Visual Studio Solution File, Format Version 12.00
# Visual Studio 15
Project("{FAE04EC0-301F-11D3-BF4B-00C04F79EFBC}") = "SteamVR", "SteamVR.csproj", "{CF3B0FDA-271B-1335-0AA9-06CEA429E28D}"
EndProject
Project("{FAE04EC0-301F-11D3-BF4B-00C04F79EFBC}") = "Assembly-CSharp", "Assembly-CSharp.csproj", "{5293E73F-5367-C5F6-8CC6-B49D1B02BE9F}"
EndProject
Project("{FAE04EC0-301F-11D3-BF4B-00C04F79EFBC}") = "SteamVR_Actions", "SteamVR_Actions.csproj", "{22DAC433-278C-7F43-8D13-19004A81058B}"
EndProject
Project("{FAE04EC0-301F-11D3-BF4B-00C04F79EFBC}") = "SteamVR_Editor", "SteamVR_Editor.csproj", "{6F0704E9-5969-13A0-A323-B0919C891B87}"
EndProject
Project("{FAE04EC0-301F-11D3-BF4B-00C04F79EFBC}") = "SteamVR_Input_Editor", "SteamVR_Input_Editor.csproj", "{EA660723-E16B-FF9C-5B4C-B0E5F3358705}"
EndProject
Project("{FAE04EC0-301F-11D3-BF4B-00C04F79EFBC}") = "SteamVR_Windows_EditorHelper", "SteamVR_Windows_EditorHelper.csproj", "{A37311CD-C361-BA09-597C-66C334019249}"
EndProject
Global
	GlobalSection(SolutionConfigurationPlatforms) = preSolution
		Debug|Any CPU = Debug|Any CPU
		Release|Any CPU = Release|Any CPU
	EndGlobalSection
	GlobalSection(ProjectConfigurationPlatforms) = postSolution
		{CF3B0FDA-271B-1335-0AA9-06CEA429E28D}.Debug|Any CPU.ActiveCfg = Debug|Any CPU
		{CF3B0FDA-271B-1335-0AA9-06CEA429E28D}.Debug|Any CPU.Build.0 = Debug|Any CPU
		{CF3B0FDA-271B-1335-0AA9-06CEA429E28D}.Release|Any CPU.ActiveCfg = Release|Any CPU
		{CF3B0FDA-271B-1335-0AA9-06CEA429E28D}.Release|Any CPU.Build.0 = Release|Any CPU
		{5293E73F-5367-C5F6-8CC6-B49D1B02BE9F}.Debug|Any CPU.ActiveCfg = Debug|Any CPU
		{5293E73F-5367-C5F6-8CC6-B49D1B02BE9F}.Debug|Any CPU.Build.0 = Debug|Any CPU
		{5293E73F-5367-C5F6-8CC6-B49D1B02BE9F}.Release|Any CPU.ActiveCfg = Release|Any CPU
		{5293E73F-5367-C5F6-8CC6-B49D1B02BE9F}.Release|Any CPU.Build.0 = Release|Any CPU
		{22DAC433-278C-7F43-8D13-19004A81058B}.Debug|Any CPU.ActiveCfg = Debug|Any CPU
		{22DAC433-278C-7F43-8D13-19004A81058B}.Debug|Any CPU.Build.0 = Debug|Any CPU
		{22DAC433-278C-7F43-8D13-19004A81058B}.Release|Any CPU.ActiveCfg = Release|Any CPU
		{22DAC433-278C-7F43-8D13-19004A81058B}.Release|Any CPU.Build.0 = Release|Any CPU
		{6F0704E9-5969-13A0-A323-B0919C891B87}.Debug|Any CPU.ActiveCfg = Debug|Any CPU
		{6F0704E9-5969-13A0-A323-B0919C891B87}.Debug|Any CPU.Build.0 = Debug|Any CPU
		{6F0704E9-5969-13A0-A323-B0919C891B87}.Release|Any CPU.ActiveCfg = Release|Any CPU
		{6F0704E9-5969-13A0-A323-B0919C891B87}.Release|Any CPU.Build.0 = Release|Any CPU
		{EA660723-E16B-FF9C-5B4C-B0E5F3358705}.Debug|Any CPU.ActiveCfg = Debug|Any CPU
		{EA660723-E16B-FF9C-5B4C-B0E5F3358705}.Debug|Any CPU.Build.0 = Debug|Any CPU
		{EA660723-E16B-FF9C-5B4C-B0E5F3358705}.Release|Any CPU.ActiveCfg = Release|Any CPU
		{EA660723-E16B-FF9C-5B4C-B0E5F3358705}.Release|Any CPU.Build.0 = Release|Any CPU
		{A37311CD-C361-BA09-597C-66C334019249}.Debug|Any CPU.ActiveCfg = Debug|Any CPU
		{A37311CD-C361-BA09-597C-66C334019249}.Debug|Any CPU.Build.0 = Debug|Any CPU
		{A37311CD-C361-BA09-597C-66C334019249}.Release|Any CPU.ActiveCfg = Release|Any CPU
		{A37311CD-C361-BA09-597C-66C334019249}.Release|Any CPU.Build.0 = Release|Any CPU
	EndGlobalSection
	GlobalSection(SolutionProperties) = preSolution
		HideSolutionNode = FALSE
	EndGlobalSection
EndGlobal
